// !$*UTF8*$!
{
	archiveVersion = 1;
	classes = {
	};
	objectVersion = 46;
	objects = {

/* Begin PBXBuildFile section */
		201EDC2919F77A4F00B278D0 /* NSDateExtension.swift in Sources */ = {isa = PBXBuildFile; fileRef = 201EDC2819F77A4F00B278D0 /* NSDateExtension.swift */; };
		205F54B119F1E71E00284E05 /* RaffleManager.swift in Sources */ = {isa = PBXBuildFile; fileRef = 205F54B019F1E71E00284E05 /* RaffleManager.swift */; };
		206D4B2E19F34AD600C25FCB /* EventDetailViewController.swift in Sources */ = {isa = PBXBuildFile; fileRef = 206D4B2D19F34AD600C25FCB /* EventDetailViewController.swift */; };
		206D4B3119F4239700C25FCB /* TODO in Resources */ = {isa = PBXBuildFile; fileRef = 206D4B2F19F4239700C25FCB /* TODO */; };
		208BBF1619E99FF600BC8F51 /* EventManager.swift in Sources */ = {isa = PBXBuildFile; fileRef = 208BBF1519E99FF600BC8F51 /* EventManager.swift */; };
		208DF0E019EA132E00847186 /* GalleryViewController.swift in Sources */ = {isa = PBXBuildFile; fileRef = 208DF0DF19EA132E00847186 /* GalleryViewController.swift */; };
		208DF0E219EA143000847186 /* RaffleViewController.swift in Sources */ = {isa = PBXBuildFile; fileRef = 208DF0E119EA143000847186 /* RaffleViewController.swift */; };
		208DF0E419EA2D4000847186 /* GalleryManager.swift in Sources */ = {isa = PBXBuildFile; fileRef = 208DF0E319EA2D4000847186 /* GalleryManager.swift */; };
		20D0446B19EB0C6A00A7795E /* ImageViewController.swift in Sources */ = {isa = PBXBuildFile; fileRef = 20D0446A19EB0C6A00A7795E /* ImageViewController.swift */; };
		20D647B219ED9607007E8D1C /* FacebookSDK.framework in Frameworks */ = {isa = PBXBuildFile; fileRef = 20D647B119ED9607007E8D1C /* FacebookSDK.framework */; };
		20EF822C19F9B33B00CC7BD0 /* UPAC.xcdatamodeld in Sources */ = {isa = PBXBuildFile; fileRef = 20EF822A19F9B33B00CC7BD0 /* UPAC.xcdatamodeld */; };
		20EF825419FB463200CC7BD0 /* CoreDataHelper.swift in Sources */ = {isa = PBXBuildFile; fileRef = 20EF825319FB463200CC7BD0 /* CoreDataHelper.swift */; };
		20EF825619FB564300CC7BD0 /* ContentManager.swift in Sources */ = {isa = PBXBuildFile; fileRef = 20EF825519FB564300CC7BD0 /* ContentManager.swift */; };
		20F50F4719E77D8200DBED9A /* AppDelegate.swift in Sources */ = {isa = PBXBuildFile; fileRef = 20F50F4619E77D8200DBED9A /* AppDelegate.swift */; };
		20F50F4919E77D8200DBED9A /* AboutViewController.swift in Sources */ = {isa = PBXBuildFile; fileRef = 20F50F4819E77D8200DBED9A /* AboutViewController.swift */; };
		20F50F4B19E77D8200DBED9A /* EventsViewController.swift in Sources */ = {isa = PBXBuildFile; fileRef = 20F50F4A19E77D8200DBED9A /* EventsViewController.swift */; };
		20F50F4E19E77D8200DBED9A /* Main.storyboard in Resources */ = {isa = PBXBuildFile; fileRef = 20F50F4C19E77D8200DBED9A /* Main.storyboard */; };
		20F50F5019E77D8200DBED9A /* Images.xcassets in Resources */ = {isa = PBXBuildFile; fileRef = 20F50F4F19E77D8200DBED9A /* Images.xcassets */; };
		20F50F5319E77D8200DBED9A /* LaunchScreen.xib in Resources */ = {isa = PBXBuildFile; fileRef = 20F50F5119E77D8200DBED9A /* LaunchScreen.xib */; };
		20F50F5F19E77D8200DBED9A /* UPACTests.swift in Sources */ = {isa = PBXBuildFile; fileRef = 20F50F5E19E77D8200DBED9A /* UPACTests.swift */; };
/* End PBXBuildFile section */

/* Begin PBXContainerItemProxy section */
		20F50F5919E77D8200DBED9A /* PBXContainerItemProxy */ = {
			isa = PBXContainerItemProxy;
			containerPortal = 20F50F3919E77D8200DBED9A /* Project object */;
			proxyType = 1;
			remoteGlobalIDString = 20F50F4019E77D8200DBED9A;
			remoteInfo = UPAC;
		};
/* End PBXContainerItemProxy section */

/* Begin PBXFileReference section */
		201EDC2819F77A4F00B278D0 /* NSDateExtension.swift */ = {isa = PBXFileReference; fileEncoding = 4; lastKnownFileType = sourcecode.swift; path = NSDateExtension.swift; sourceTree = "<group>"; };
		205F54B019F1E71E00284E05 /* RaffleManager.swift */ = {isa = PBXFileReference; fileEncoding = 4; lastKnownFileType = sourcecode.swift; path = RaffleManager.swift; sourceTree = "<group>"; };
		206D4B2D19F34AD600C25FCB /* EventDetailViewController.swift */ = {isa = PBXFileReference; fileEncoding = 4; lastKnownFileType = sourcecode.swift; path = EventDetailViewController.swift; sourceTree = "<group>"; };
		206D4B2F19F4239700C25FCB /* TODO */ = {isa = PBXFileReference; fileEncoding = 4; lastKnownFileType = text; path = TODO; sourceTree = "<group>"; };
		208BBF1519E99FF600BC8F51 /* EventManager.swift */ = {isa = PBXFileReference; fileEncoding = 4; lastKnownFileType = sourcecode.swift; path = EventManager.swift; sourceTree = "<group>"; };
		208DF0DF19EA132E00847186 /* GalleryViewController.swift */ = {isa = PBXFileReference; fileEncoding = 4; lastKnownFileType = sourcecode.swift; path = GalleryViewController.swift; sourceTree = "<group>"; };
		208DF0E119EA143000847186 /* RaffleViewController.swift */ = {isa = PBXFileReference; fileEncoding = 4; lastKnownFileType = sourcecode.swift; path = RaffleViewController.swift; sourceTree = "<group>"; };
		208DF0E319EA2D4000847186 /* GalleryManager.swift */ = {isa = PBXFileReference; fileEncoding = 4; lastKnownFileType = sourcecode.swift; path = GalleryManager.swift; sourceTree = "<group>"; };
		20D0446A19EB0C6A00A7795E /* ImageViewController.swift */ = {isa = PBXFileReference; fileEncoding = 4; lastKnownFileType = sourcecode.swift; path = ImageViewController.swift; sourceTree = "<group>"; };
		20D647B119ED9607007E8D1C /* FacebookSDK.framework */ = {isa = PBXFileReference; lastKnownFileType = wrapper.framework; name = FacebookSDK.framework; path = ../../FacebookSDK/FacebookSDK.framework; sourceTree = "<group>"; };
		20D647B319ED967B007E8D1C /* UPAC-Bridging-Header.h */ = {isa = PBXFileReference; lastKnownFileType = sourcecode.c.h; path = "UPAC-Bridging-Header.h"; sourceTree = "<group>"; };
		20EF822B19F9B33B00CC7BD0 /* UPAC.xcdatamodel */ = {isa = PBXFileReference; lastKnownFileType = wrapper.xcdatamodel; path = UPAC.xcdatamodel; sourceTree = "<group>"; };
		20EF825319FB463200CC7BD0 /* CoreDataHelper.swift */ = {isa = PBXFileReference; fileEncoding = 4; lastKnownFileType = sourcecode.swift; path = CoreDataHelper.swift; sourceTree = "<group>"; };
		20EF825519FB564300CC7BD0 /* ContentManager.swift */ = {isa = PBXFileReference; fileEncoding = 4; lastKnownFileType = sourcecode.swift; path = ContentManager.swift; sourceTree = "<group>"; };
		20F50F4119E77D8200DBED9A /* UPAC.app */ = {isa = PBXFileReference; explicitFileType = wrapper.application; includeInIndex = 0; path = UPAC.app; sourceTree = BUILT_PRODUCTS_DIR; };
		20F50F4519E77D8200DBED9A /* Info.plist */ = {isa = PBXFileReference; lastKnownFileType = text.plist.xml; path = Info.plist; sourceTree = "<group>"; };
		20F50F4619E77D8200DBED9A /* AppDelegate.swift */ = {isa = PBXFileReference; lastKnownFileType = sourcecode.swift; path = AppDelegate.swift; sourceTree = "<group>"; };
		20F50F4819E77D8200DBED9A /* AboutViewController.swift */ = {isa = PBXFileReference; lastKnownFileType = sourcecode.swift; path = AboutViewController.swift; sourceTree = "<group>"; };
		20F50F4A19E77D8200DBED9A /* EventsViewController.swift */ = {isa = PBXFileReference; lastKnownFileType = sourcecode.swift; path = EventsViewController.swift; sourceTree = "<group>"; };
		20F50F4D19E77D8200DBED9A /* Base */ = {isa = PBXFileReference; lastKnownFileType = file.storyboard; name = Base; path = Base.lproj/Main.storyboard; sourceTree = "<group>"; };
		20F50F4F19E77D8200DBED9A /* Images.xcassets */ = {isa = PBXFileReference; lastKnownFileType = folder.assetcatalog; path = Images.xcassets; sourceTree = "<group>"; };
		20F50F5219E77D8200DBED9A /* Base */ = {isa = PBXFileReference; lastKnownFileType = file.xib; name = Base; path = Base.lproj/LaunchScreen.xib; sourceTree = "<group>"; };
		20F50F5819E77D8200DBED9A /* UPACTests.xctest */ = {isa = PBXFileReference; explicitFileType = wrapper.cfbundle; includeInIndex = 0; path = UPACTests.xctest; sourceTree = BUILT_PRODUCTS_DIR; };
		20F50F5D19E77D8200DBED9A /* Info.plist */ = {isa = PBXFileReference; lastKnownFileType = text.plist.xml; path = Info.plist; sourceTree = "<group>"; };
		20F50F5E19E77D8200DBED9A /* UPACTests.swift */ = {isa = PBXFileReference; lastKnownFileType = sourcecode.swift; path = UPACTests.swift; sourceTree = "<group>"; };
/* End PBXFileReference section */

/* Begin PBXFrameworksBuildPhase section */
		20F50F3E19E77D8200DBED9A /* Frameworks */ = {
			isa = PBXFrameworksBuildPhase;
			buildActionMask = 2147483647;
			files = (
				20D647B219ED9607007E8D1C /* FacebookSDK.framework in Frameworks */,
			);
			runOnlyForDeploymentPostprocessing = 0;
		};
		20F50F5519E77D8200DBED9A /* Frameworks */ = {
			isa = PBXFrameworksBuildPhase;
			buildActionMask = 2147483647;
			files = (
			);
			runOnlyForDeploymentPostprocessing = 0;
		};
/* End PBXFrameworksBuildPhase section */

/* Begin PBXGroup section */
		20F50F3819E77D8200DBED9A = {
			isa = PBXGroup;
			children = (
				206D4B2F19F4239700C25FCB /* TODO */,
				20F50F4319E77D8200DBED9A /* UPAC */,
				20F50F5B19E77D8200DBED9A /* UPACTests */,
				20F50F4219E77D8200DBED9A /* Products */,
			);
			sourceTree = "<group>";
		};
		20F50F4219E77D8200DBED9A /* Products */ = {
			isa = PBXGroup;
			children = (
				20F50F4119E77D8200DBED9A /* UPAC.app */,
				20F50F5819E77D8200DBED9A /* UPACTests.xctest */,
			);
			name = Products;
			sourceTree = "<group>";
		};
		20F50F4319E77D8200DBED9A /* UPAC */ = {
			isa = PBXGroup;
			children = (
				20FD4B2519EB170400F8E049 /* View Controllers */,
				20FD4B2419EB16F000F8E049 /* Models */,
				20F50F4619E77D8200DBED9A /* AppDelegate.swift */,
				20F50F4C19E77D8200DBED9A /* Main.storyboard */,
				20F50F5119E77D8200DBED9A /* LaunchScreen.xib */,
				201EDC2819F77A4F00B278D0 /* NSDateExtension.swift */,
				20D647B319ED967B007E8D1C /* UPAC-Bridging-Header.h */,
				20D647B119ED9607007E8D1C /* FacebookSDK.framework */,
				20F50F4F19E77D8200DBED9A /* Images.xcassets */,
				20F50F4419E77D8200DBED9A /* Supporting Files */,
			);
			path = UPAC;
			sourceTree = "<group>";
		};
		20F50F4419E77D8200DBED9A /* Supporting Files */ = {
			isa = PBXGroup;
			children = (
				20F50F4519E77D8200DBED9A /* Info.plist */,
			);
			name = "Supporting Files";
			sourceTree = "<group>";
		};
		20F50F5B19E77D8200DBED9A /* UPACTests */ = {
			isa = PBXGroup;
			children = (
				20F50F5E19E77D8200DBED9A /* UPACTests.swift */,
				20F50F5C19E77D8200DBED9A /* Supporting Files */,
			);
			path = UPACTests;
			sourceTree = "<group>";
		};
		20F50F5C19E77D8200DBED9A /* Supporting Files */ = {
			isa = PBXGroup;
			children = (
				20F50F5D19E77D8200DBED9A /* Info.plist */,
			);
			name = "Supporting Files";
			sourceTree = "<group>";
		};
		20FD4B2419EB16F000F8E049 /* Models */ = {
			isa = PBXGroup;
			children = (
				20EF825319FB463200CC7BD0 /* CoreDataHelper.swift */,
				20EF825519FB564300CC7BD0 /* ContentManager.swift */,
				208BBF1519E99FF600BC8F51 /* EventManager.swift */,
				205F54B019F1E71E00284E05 /* RaffleManager.swift */,
				208DF0E319EA2D4000847186 /* GalleryManager.swift */,
				20EF822A19F9B33B00CC7BD0 /* UPAC.xcdatamodeld */,
			);
			name = Models;
			sourceTree = "<group>";
		};
		20FD4B2519EB170400F8E049 /* View Controllers */ = {
			isa = PBXGroup;
			children = (
				20F50F4A19E77D8200DBED9A /* EventsViewController.swift */,
				206D4B2D19F34AD600C25FCB /* EventDetailViewController.swift */,
				208DF0E119EA143000847186 /* RaffleViewController.swift */,
				208DF0DF19EA132E00847186 /* GalleryViewController.swift */,
				20D0446A19EB0C6A00A7795E /* ImageViewController.swift */,
				20F50F4819E77D8200DBED9A /* AboutViewController.swift */,
			);
			name = "View Controllers";
			sourceTree = "<group>";
		};
/* End PBXGroup section */

/* Begin PBXNativeTarget section */
		20F50F4019E77D8200DBED9A /* UPAC */ = {
			isa = PBXNativeTarget;
			buildConfigurationList = 20F50F6219E77D8200DBED9A /* Build configuration list for PBXNativeTarget "UPAC" */;
			buildPhases = (
				20F50F3D19E77D8200DBED9A /* Sources */,
				20F50F3E19E77D8200DBED9A /* Frameworks */,
				20F50F3F19E77D8200DBED9A /* Resources */,
			);
			buildRules = (
			);
			dependencies = (
			);
			name = UPAC;
			productName = UPAC;
			productReference = 20F50F4119E77D8200DBED9A /* UPAC.app */;
			productType = "com.apple.product-type.application";
		};
		20F50F5719E77D8200DBED9A /* UPACTests */ = {
			isa = PBXNativeTarget;
			buildConfigurationList = 20F50F6519E77D8200DBED9A /* Build configuration list for PBXNativeTarget "UPACTests" */;
			buildPhases = (
				20F50F5419E77D8200DBED9A /* Sources */,
				20F50F5519E77D8200DBED9A /* Frameworks */,
				20F50F5619E77D8200DBED9A /* Resources */,
			);
			buildRules = (
			);
			dependencies = (
				20F50F5A19E77D8200DBED9A /* PBXTargetDependency */,
			);
			name = UPACTests;
			productName = UPACTests;
			productReference = 20F50F5819E77D8200DBED9A /* UPACTests.xctest */;
			productType = "com.apple.product-type.bundle.unit-test";
		};
/* End PBXNativeTarget section */

/* Begin PBXProject section */
		20F50F3919E77D8200DBED9A /* Project object */ = {
			isa = PBXProject;
			attributes = {
				LastUpgradeCheck = 0600;
				ORGANIZATIONNAME = "wsu-cs-club";
				TargetAttributes = {
					20F50F4019E77D8200DBED9A = {
						CreatedOnToolsVersion = 6.0.1;
					};
					20F50F5719E77D8200DBED9A = {
						CreatedOnToolsVersion = 6.0.1;
						TestTargetID = 20F50F4019E77D8200DBED9A;
					};
				};
			};
			buildConfigurationList = 20F50F3C19E77D8200DBED9A /* Build configuration list for PBXProject "UPAC" */;
			compatibilityVersion = "Xcode 3.2";
			developmentRegion = English;
			hasScannedForEncodings = 0;
			knownRegions = (
				en,
				Base,
			);
			mainGroup = 20F50F3819E77D8200DBED9A;
			productRefGroup = 20F50F4219E77D8200DBED9A /* Products */;
			projectDirPath = "";
			projectRoot = "";
			targets = (
				20F50F4019E77D8200DBED9A /* UPAC */,
				20F50F5719E77D8200DBED9A /* UPACTests */,
			);
		};
/* End PBXProject section */

/* Begin PBXResourcesBuildPhase section */
		20F50F3F19E77D8200DBED9A /* Resources */ = {
			isa = PBXResourcesBuildPhase;
			buildActionMask = 2147483647;
			files = (
				20F50F4E19E77D8200DBED9A /* Main.storyboard in Resources */,
				20F50F5319E77D8200DBED9A /* LaunchScreen.xib in Resources */,
				206D4B3119F4239700C25FCB /* TODO in Resources */,
				20F50F5019E77D8200DBED9A /* Images.xcassets in Resources */,
			);
			runOnlyForDeploymentPostprocessing = 0;
		};
		20F50F5619E77D8200DBED9A /* Resources */ = {
			isa = PBXResourcesBuildPhase;
			buildActionMask = 2147483647;
			files = (
			);
			runOnlyForDeploymentPostprocessing = 0;
		};
/* End PBXResourcesBuildPhase section */

/* Begin PBXSourcesBuildPhase section */
		20F50F3D19E77D8200DBED9A /* Sources */ = {
			isa = PBXSourcesBuildPhase;
			buildActionMask = 2147483647;
			files = (
				208DF0E419EA2D4000847186 /* GalleryManager.swift in Sources */,
				20F50F4B19E77D8200DBED9A /* EventsViewController.swift in Sources */,
				20D0446B19EB0C6A00A7795E /* ImageViewController.swift in Sources */,
				20F50F4719E77D8200DBED9A /* AppDelegate.swift in Sources */,
				205F54B119F1E71E00284E05 /* RaffleManager.swift in Sources */,
				208DF0E019EA132E00847186 /* GalleryViewController.swift in Sources */,
				206D4B2E19F34AD600C25FCB /* EventDetailViewController.swift in Sources */,
				208DF0E219EA143000847186 /* RaffleViewController.swift in Sources */,
				20EF825419FB463200CC7BD0 /* CoreDataHelper.swift in Sources */,
				201EDC2919F77A4F00B278D0 /* NSDateExtension.swift in Sources */,
				208BBF1619E99FF600BC8F51 /* EventManager.swift in Sources */,
				20EF822C19F9B33B00CC7BD0 /* UPAC.xcdatamodeld in Sources */,
				20F50F4919E77D8200DBED9A /* AboutViewController.swift in Sources */,
				20EF825619FB564300CC7BD0 /* ContentManager.swift in Sources */,
			);
			runOnlyForDeploymentPostprocessing = 0;
		};
		20F50F5419E77D8200DBED9A /* Sources */ = {
			isa = PBXSourcesBuildPhase;
			buildActionMask = 2147483647;
			files = (
				20F50F5F19E77D8200DBED9A /* UPACTests.swift in Sources */,
			);
			runOnlyForDeploymentPostprocessing = 0;
		};
/* End PBXSourcesBuildPhase section */

/* Begin PBXTargetDependency section */
		20F50F5A19E77D8200DBED9A /* PBXTargetDependency */ = {
			isa = PBXTargetDependency;
			target = 20F50F4019E77D8200DBED9A /* UPAC */;
			targetProxy = 20F50F5919E77D8200DBED9A /* PBXContainerItemProxy */;
		};
/* End PBXTargetDependency section */

/* Begin PBXVariantGroup section */
		20F50F4C19E77D8200DBED9A /* Main.storyboard */ = {
			isa = PBXVariantGroup;
			children = (
				20F50F4D19E77D8200DBED9A /* Base */,
			);
			name = Main.storyboard;
			sourceTree = "<group>";
		};
		20F50F5119E77D8200DBED9A /* LaunchScreen.xib */ = {
			isa = PBXVariantGroup;
			children = (
				20F50F5219E77D8200DBED9A /* Base */,
			);
			name = LaunchScreen.xib;
			sourceTree = "<group>";
		};
/* End PBXVariantGroup section */

/* Begin XCBuildConfiguration section */
		20F50F6019E77D8200DBED9A /* Debug */ = {
			isa = XCBuildConfiguration;
			buildSettings = {
				ALWAYS_SEARCH_USER_PATHS = NO;
				CLANG_CXX_LANGUAGE_STANDARD = "gnu++0x";
				CLANG_CXX_LIBRARY = "libc++";
				CLANG_ENABLE_MODULES = YES;
				CLANG_ENABLE_OBJC_ARC = YES;
				CLANG_WARN_BOOL_CONVERSION = YES;
				CLANG_WARN_CONSTANT_CONVERSION = YES;
				CLANG_WARN_DIRECT_OBJC_ISA_USAGE = YES_ERROR;
				CLANG_WARN_EMPTY_BODY = YES;
				CLANG_WARN_ENUM_CONVERSION = YES;
				CLANG_WARN_INT_CONVERSION = YES;
				CLANG_WARN_OBJC_ROOT_CLASS = YES_ERROR;
				CLANG_WARN_UNREACHABLE_CODE = YES;
				CLANG_WARN__DUPLICATE_METHOD_MATCH = YES;
				"CODE_SIGN_IDENTITY[sdk=iphoneos*]" = "iPhone Developer";
				COPY_PHASE_STRIP = NO;
				ENABLE_STRICT_OBJC_MSGSEND = YES;
				GCC_C_LANGUAGE_STANDARD = gnu99;
				GCC_DYNAMIC_NO_PIC = NO;
				GCC_OPTIMIZATION_LEVEL = 0;
				GCC_PREPROCESSOR_DEFINITIONS = (
					"DEBUG=1",
					"$(inherited)",
				);
				GCC_SYMBOLS_PRIVATE_EXTERN = NO;
				GCC_WARN_64_TO_32_BIT_CONVERSION = YES;
				GCC_WARN_ABOUT_RETURN_TYPE = YES_ERROR;
				GCC_WARN_UNDECLARED_SELECTOR = YES;
				GCC_WARN_UNINITIALIZED_AUTOS = YES_AGGRESSIVE;
				GCC_WARN_UNUSED_FUNCTION = YES;
				GCC_WARN_UNUSED_VARIABLE = YES;
				IPHONEOS_DEPLOYMENT_TARGET = 8.0;
				MTL_ENABLE_DEBUG_INFO = YES;
				ONLY_ACTIVE_ARCH = YES;
				SDKROOT = iphoneos;
				SWIFT_OPTIMIZATION_LEVEL = "-Onone";
				TARGETED_DEVICE_FAMILY = "1,2";
			};
			name = Debug;
		};
		20F50F6119E77D8200DBED9A /* Release */ = {
			isa = XCBuildConfiguration;
			buildSettings = {
				ALWAYS_SEARCH_USER_PATHS = NO;
				CLANG_CXX_LANGUAGE_STANDARD = "gnu++0x";
				CLANG_CXX_LIBRARY = "libc++";
				CLANG_ENABLE_MODULES = YES;
				CLANG_ENABLE_OBJC_ARC = YES;
				CLANG_WARN_BOOL_CONVERSION = YES;
				CLANG_WARN_CONSTANT_CONVERSION = YES;
				CLANG_WARN_DIRECT_OBJC_ISA_USAGE = YES_ERROR;
				CLANG_WARN_EMPTY_BODY = YES;
				CLANG_WARN_ENUM_CONVERSION = YES;
				CLANG_WARN_INT_CONVERSION = YES;
				CLANG_WARN_OBJC_ROOT_CLASS = YES_ERROR;
				CLANG_WARN_UNREACHABLE_CODE = YES;
				CLANG_WARN__DUPLICATE_METHOD_MATCH = YES;
				"CODE_SIGN_IDENTITY[sdk=iphoneos*]" = "iPhone Developer";
				COPY_PHASE_STRIP = YES;
				ENABLE_NS_ASSERTIONS = NO;
				ENABLE_STRICT_OBJC_MSGSEND = YES;
				GCC_C_LANGUAGE_STANDARD = gnu99;
				GCC_WARN_64_TO_32_BIT_CONVERSION = YES;
				GCC_WARN_ABOUT_RETURN_TYPE = YES_ERROR;
				GCC_WARN_UNDECLARED_SELECTOR = YES;
				GCC_WARN_UNINITIALIZED_AUTOS = YES_AGGRESSIVE;
				GCC_WARN_UNUSED_FUNCTION = YES;
				GCC_WARN_UNUSED_VARIABLE = YES;
				IPHONEOS_DEPLOYMENT_TARGET = 8.0;
				MTL_ENABLE_DEBUG_INFO = NO;
				SDKROOT = iphoneos;
				TARGETED_DEVICE_FAMILY = "1,2";
				VALIDATE_PRODUCT = YES;
			};
			name = Release;
		};
		20F50F6319E77D8200DBED9A /* Debug */ = {
			isa = XCBuildConfiguration;
			buildSettings = {
				ASSETCATALOG_COMPILER_APPICON_NAME = AppIcon;
				CLANG_ENABLE_MODULES = YES;
				FRAMEWORK_SEARCH_PATHS = (
					"$(inherited)",
					/Users/rmarquez14/Code/FacebookSDK,
				);
				INFOPLIST_FILE = UPAC/Info.plist;
				LD_RUNPATH_SEARCH_PATHS = "$(inherited) @executable_path/Frameworks";
				PRODUCT_NAME = "$(TARGET_NAME)";
				SWIFT_OBJC_BRIDGING_HEADER = "UPAC/UPAC-Bridging-Header.h";
				SWIFT_OPTIMIZATION_LEVEL = "-Onone";
				TARGETED_DEVICE_FAMILY = 1;
			};
			name = Debug;
		};
		20F50F6419E77D8200DBED9A /* Release */ = {
			isa = XCBuildConfiguration;
			buildSettings = {
				ASSETCATALOG_COMPILER_APPICON_NAME = AppIcon;
				CLANG_ENABLE_MODULES = YES;
				FRAMEWORK_SEARCH_PATHS = (
					"$(inherited)",
					/Users/rmarquez14/Code/FacebookSDK,
				);
				INFOPLIST_FILE = UPAC/Info.plist;
				LD_RUNPATH_SEARCH_PATHS = "$(inherited) @executable_path/Frameworks";
				PRODUCT_NAME = "$(TARGET_NAME)";
				SWIFT_OBJC_BRIDGING_HEADER = "UPAC/UPAC-Bridging-Header.h";
				TARGETED_DEVICE_FAMILY = 1;
			};
			name = Release;
		};
		20F50F6619E77D8200DBED9A /* Debug */ = {
			isa = XCBuildConfiguration;
			buildSettings = {
				BUNDLE_LOADER = "$(TEST_HOST)";
				FRAMEWORK_SEARCH_PATHS = (
					"$(SDKROOT)/Developer/Library/Frameworks",
					"$(inherited)",
				);
				GCC_PREPROCESSOR_DEFINITIONS = (
					"DEBUG=1",
					"$(inherited)",
				);
				INFOPLIST_FILE = UPACTests/Info.plist;
				LD_RUNPATH_SEARCH_PATHS = "$(inherited) @executable_path/Frameworks @loader_path/Frameworks";
				PRODUCT_NAME = "$(TARGET_NAME)";
				TEST_HOST = "$(BUILT_PRODUCTS_DIR)/UPAC.app/UPAC";
			};
			name = Debug;
		};
		20F50F6719E77D8200DBED9A /* Release */ = {
			isa = XCBuildConfiguration;
			buildSettings = {
				BUNDLE_LOADER = "$(TEST_HOST)";
				FRAMEWORK_SEARCH_PATHS = (
					"$(SDKROOT)/Developer/Library/Frameworks",
					"$(inherited)",
				);
				INFOPLIST_FILE = UPACTests/Info.plist;
				LD_RUNPATH_SEARCH_PATHS = "$(inherited) @executable_path/Frameworks @loader_path/Frameworks";
				PRODUCT_NAME = "$(TARGET_NAME)";
				TEST_HOST = "$(BUILT_PRODUCTS_DIR)/UPAC.app/UPAC";
			};
			name = Release;
		};
/* End XCBuildConfiguration section */

/* Begin XCConfigurationList section */
		20F50F3C19E77D8200DBED9A /* Build configuration list for PBXProject "UPAC" */ = {
			isa = XCConfigurationList;
			buildConfigurations = (
				20F50F6019E77D8200DBED9A /* Debug */,
				20F50F6119E77D8200DBED9A /* Release */,
			);
			defaultConfigurationIsVisible = 0;
			defaultConfigurationName = Release;
		};
		20F50F6219E77D8200DBED9A /* Build configuration list for PBXNativeTarget "UPAC" */ = {
			isa = XCConfigurationList;
			buildConfigurations = (
				20F50F6319E77D8200DBED9A /* Debug */,
				20F50F6419E77D8200DBED9A /* Release */,
			);
			defaultConfigurationIsVisible = 0;
			defaultConfigurationName = Release;
		};
		20F50F6519E77D8200DBED9A /* Build configuration list for PBXNativeTarget "UPACTests" */ = {
			isa = XCConfigurationList;
			buildConfigurations = (
				20F50F6619E77D8200DBED9A /* Debug */,
				20F50F6719E77D8200DBED9A /* Release */,
			);
			defaultConfigurationIsVisible = 0;
			defaultConfigurationName = Release;
		};
/* End XCConfigurationList section */

/* Begin XCVersionGroup section */
		20EF822A19F9B33B00CC7BD0 /* UPAC.xcdatamodeld */ = {
			isa = XCVersionGroup;
			children = (
				20EF822B19F9B33B00CC7BD0 /* UPAC.xcdatamodel */,
			);
			currentVersion = 20EF822B19F9B33B00CC7BD0 /* UPAC.xcdatamodel */;
			path = UPAC.xcdatamodeld;
			sourceTree = "<group>";
			versionGroupType = wrapper.xcdatamodel;
		};
/* End XCVersionGroup section */
	};
	rootObject = 20F50F3919E77D8200DBED9A /* Project object */;
}
